
Microsoft Visual Studio Solution File, Format Version 12.00
# Visual Studio Version 16
VisualStudioVersion = 16.0.33027.164
MinimumVisualStudioVersion = 10.0.40219.1
Project("{FAE04EC0-301F-11D3-BF4B-00C04F79EFBC}") = "SalesWebMvc", "SalesWebMvc\SalesWebMvc.csproj", "{7C0F1DB7-61EB-40AC-8FD4-C822758CD5AE}"
EndProject
Global
	GlobalSection(SolutionConfigurationPlatforms) = preSolution
		Debug|Any CPU = Debug|Any CPU
		Release|Any CPU = Release|Any CPU
	EndGlobalSection
	GlobalSection(ProjectConfigurationPlatforms) = postSolution
		{7C0F1DB7-61EB-40AC-8FD4-C822758CD5AE}.Debug|Any CPU.ActiveCfg = Debug|Any CPU
		{7C0F1DB7-61EB-40AC-8FD4-C822758CD5AE}.Debug|Any CPU.Build.0 = Debug|Any CPU
		{7C0F1DB7-61EB-40AC-8FD4-C822758CD5AE}.Release|Any CPU.ActiveCfg = Release|Any CPU
		{7C0F1DB7-61EB-40AC-8FD4-C822758CD5AE}.Release|Any CPU.Build.0 = Release|Any CPU
	EndGlobalSection
	GlobalSection(SolutionProperties) = preSolution
		HideSolutionNode = FALSE
	EndGlobalSection
	GlobalSection(ExtensibilityGlobals) = postSolution
		SolutionGuid = {EDDFCEEA-CA7A-4866-A638-D39BEC769047}
	EndGlobalSection
EndGlobal
